
Microsoft Visual Studio Solution File, Format Version 12.00
# Visual Studio Version 16
VisualStudioVersion = 16.0.31729.503
MinimumVisualStudioVersion = 10.0.40219.1
Project("{FAE04EC0-301F-11D3-BF4B-00C04F79EFBC}") = "CommonLibrary.CodeSystem", "CommonLibrary.CodeSystem.csproj", "{5D2D11B2-E547-456C-A13F-51633E790D65}"
EndProject
Global
	GlobalSection(SolutionConfigurationPlatforms) = preSolution
		Debug|Any CPU = Debug|Any CPU
		Release|Any CPU = Release|Any CPU
	EndGlobalSection
	GlobalSection(ProjectConfigurationPlatforms) = postSolution
		{5D2D11B2-E547-456C-A13F-51633E790D65}.Debug|Any CPU.ActiveCfg = Debug|Any CPU
		{5D2D11B2-E547-456C-A13F-51633E790D65}.Debug|Any CPU.Build.0 = Debug|Any CPU
		{5D2D11B2-E547-456C-A13F-51633E790D65}.Release|Any CPU.ActiveCfg = Release|Any CPU
		{5D2D11B2-E547-456C-A13F-51633E790D65}.Release|Any CPU.Build.0 = Release|Any CPU
	EndGlobalSection
	GlobalSection(SolutionProperties) = preSolution
		HideSolutionNode = FALSE
	EndGlobalSection
	GlobalSection(ExtensibilityGlobals) = postSolution
		SolutionGuid = {F7A09413-2BF2-420B-BF34-0D80DD513109}
	EndGlobalSection
EndGlobal
